
Microsoft Visual Studio Solution File, Format Version 12.00
# Visual Studio Version 17
VisualStudioVersion = 17.7.34221.43
MinimumVisualStudioVersion = 10.0.40219.1
Project("{9A19103F-16F7-4668-BE54-9A1E7A4F7556}") = "Trab-AV2", "Trab-AV2\Trab-AV2.csproj", "{509DD16D-3920-4EC8-8337-93EC960D83BD}"
	ProjectSection(ProjectDependencies) = postProject
		{D1696595-919E-4E69-B192-7D7EDAE2D1B9} = {D1696595-919E-4E69-B192-7D7EDAE2D1B9}
	EndProjectSection
EndProject
Project("{9A19103F-16F7-4668-BE54-9A1E7A4F7556}") = "Trab-AV2.Model", "Trab-AV2.Model\Trab-AV2.Model.csproj", "{D1696595-919E-4E69-B192-7D7EDAE2D1B9}"
EndProject
Global
	GlobalSection(SolutionConfigurationPlatforms) = preSolution
		Debug|Any CPU = Debug|Any CPU
		Release|Any CPU = Release|Any CPU
	EndGlobalSection
	GlobalSection(ProjectConfigurationPlatforms) = postSolution
		{509DD16D-3920-4EC8-8337-93EC960D83BD}.Debug|Any CPU.ActiveCfg = Debug|Any CPU
		{509DD16D-3920-4EC8-8337-93EC960D83BD}.Debug|Any CPU.Build.0 = Debug|Any CPU
		{509DD16D-3920-4EC8-8337-93EC960D83BD}.Release|Any CPU.ActiveCfg = Release|Any CPU
		{509DD16D-3920-4EC8-8337-93EC960D83BD}.Release|Any CPU.Build.0 = Release|Any CPU
		{D1696595-919E-4E69-B192-7D7EDAE2D1B9}.Debug|Any CPU.ActiveCfg = Debug|Any CPU
		{D1696595-919E-4E69-B192-7D7EDAE2D1B9}.Debug|Any CPU.Build.0 = Debug|Any CPU
		{D1696595-919E-4E69-B192-7D7EDAE2D1B9}.Release|Any CPU.ActiveCfg = Release|Any CPU
		{D1696595-919E-4E69-B192-7D7EDAE2D1B9}.Release|Any CPU.Build.0 = Release|Any CPU
	EndGlobalSection
	GlobalSection(SolutionProperties) = preSolution
		HideSolutionNode = FALSE
	EndGlobalSection
	GlobalSection(ExtensibilityGlobals) = postSolution
		SolutionGuid = {105C9DCA-E928-4B33-8CBE-C16146EE5DD7}
	EndGlobalSection
EndGlobal
